
Microsoft Visual Studio Solution File, Format Version 12.00
# Visual Studio Version 17
VisualStudioVersion = 17.9.34607.119
MinimumVisualStudioVersion = 10.0.40219.1
Project("{FAE04EC0-301F-11D3-BF4B-00C04F79EFBC}") = "UserInterface", "UserInterface\UserInterface.csproj", "{70F5CA64-85D1-4399-8AAA-8C47FA8187D4}"
EndProject
Project("{FAE04EC0-301F-11D3-BF4B-00C04F79EFBC}") = "Infrastructure", "Infrastructure\Infrastructure.csproj", "{8C648ECF-E3DC-40D9-8E4C-26394820683B}"
EndProject
Project("{2150E333-8FDC-42A3-9474-1A3956D46DE8}") = "Core", "Core", "{6BF79DE9-D81F-43F3-A39A-75A33CF86FDB}"
EndProject
Project("{FAE04EC0-301F-11D3-BF4B-00C04F79EFBC}") = "Shared", "Shared\Shared.csproj", "{14430A18-180E-4E01-B0F5-44B446622119}"
EndProject
Project("{FAE04EC0-301F-11D3-BF4B-00C04F79EFBC}") = "Catalog", "Catalog\Catalog.csproj", "{B5EE5E00-F593-4125-9FC3-F05019FDC778}"
EndProject
Project("{FAE04EC0-301F-11D3-BF4B-00C04F79EFBC}") = "Lending", "Lending\Lending.csproj", "{0EC2B31C-F39E-4F2E-A3CE-E4501E188675}"
EndProject
Global
	GlobalSection(SolutionConfigurationPlatforms) = preSolution
		Debug|Any CPU = Debug|Any CPU
		Release|Any CPU = Release|Any CPU
	EndGlobalSection
	GlobalSection(ProjectConfigurationPlatforms) = postSolution
		{70F5CA64-85D1-4399-8AAA-8C47FA8187D4}.Debug|Any CPU.ActiveCfg = Debug|Any CPU
		{70F5CA64-85D1-4399-8AAA-8C47FA8187D4}.Debug|Any CPU.Build.0 = Debug|Any CPU
		{70F5CA64-85D1-4399-8AAA-8C47FA8187D4}.Release|Any CPU.ActiveCfg = Release|Any CPU
		{70F5CA64-85D1-4399-8AAA-8C47FA8187D4}.Release|Any CPU.Build.0 = Release|Any CPU
		{8C648ECF-E3DC-40D9-8E4C-26394820683B}.Debug|Any CPU.ActiveCfg = Debug|Any CPU
		{8C648ECF-E3DC-40D9-8E4C-26394820683B}.Debug|Any CPU.Build.0 = Debug|Any CPU
		{8C648ECF-E3DC-40D9-8E4C-26394820683B}.Release|Any CPU.ActiveCfg = Release|Any CPU
		{8C648ECF-E3DC-40D9-8E4C-26394820683B}.Release|Any CPU.Build.0 = Release|Any CPU
		{14430A18-180E-4E01-B0F5-44B446622119}.Debug|Any CPU.ActiveCfg = Debug|Any CPU
		{14430A18-180E-4E01-B0F5-44B446622119}.Debug|Any CPU.Build.0 = Debug|Any CPU
		{14430A18-180E-4E01-B0F5-44B446622119}.Release|Any CPU.ActiveCfg = Release|Any CPU
		{14430A18-180E-4E01-B0F5-44B446622119}.Release|Any CPU.Build.0 = Release|Any CPU
		{B5EE5E00-F593-4125-9FC3-F05019FDC778}.Debug|Any CPU.ActiveCfg = Debug|Any CPU
		{B5EE5E00-F593-4125-9FC3-F05019FDC778}.Debug|Any CPU.Build.0 = Debug|Any CPU
		{B5EE5E00-F593-4125-9FC3-F05019FDC778}.Release|Any CPU.ActiveCfg = Release|Any CPU
		{B5EE5E00-F593-4125-9FC3-F05019FDC778}.Release|Any CPU.Build.0 = Release|Any CPU
		{0EC2B31C-F39E-4F2E-A3CE-E4501E188675}.Debug|Any CPU.ActiveCfg = Debug|Any CPU
		{0EC2B31C-F39E-4F2E-A3CE-E4501E188675}.Debug|Any CPU.Build.0 = Debug|Any CPU
		{0EC2B31C-F39E-4F2E-A3CE-E4501E188675}.Release|Any CPU.ActiveCfg = Release|Any CPU
		{0EC2B31C-F39E-4F2E-A3CE-E4501E188675}.Release|Any CPU.Build.0 = Release|Any CPU
	EndGlobalSection
	GlobalSection(SolutionProperties) = preSolution
		HideSolutionNode = FALSE
	EndGlobalSection
	GlobalSection(NestedProjects) = preSolution
		{14430A18-180E-4E01-B0F5-44B446622119} = {6BF79DE9-D81F-43F3-A39A-75A33CF86FDB}
		{B5EE5E00-F593-4125-9FC3-F05019FDC778} = {6BF79DE9-D81F-43F3-A39A-75A33CF86FDB}
		{0EC2B31C-F39E-4F2E-A3CE-E4501E188675} = {6BF79DE9-D81F-43F3-A39A-75A33CF86FDB}
	EndGlobalSection
	GlobalSection(ExtensibilityGlobals) = postSolution
		SolutionGuid = {C36A879E-DB20-496D-AD81-BDC1086730A4}
	EndGlobalSection
EndGlobal
